
Microsoft Visual Studio Solution File, Format Version 12.00
# Visual Studio Version 17
VisualStudioVersion = 17.8.34511.84
MinimumVisualStudioVersion = 10.0.40219.1
Project("{FAE04EC0-301F-11D3-BF4B-00C04F79EFBC}") = "PastaKuleOyunu", "PastaKuleOyunu\PastaKuleOyunu.csproj", "{86210F42-7641-4B8C-9E9D-F2C087B5F813}"
EndProject
Global
	GlobalSection(SolutionConfigurationPlatforms) = preSolution
		Debug|Any CPU = Debug|Any CPU
		Release|Any CPU = Release|Any CPU
	EndGlobalSection
	GlobalSection(ProjectConfigurationPlatforms) = postSolution
		{86210F42-7641-4B8C-9E9D-F2C087B5F813}.Debug|Any CPU.ActiveCfg = Debug|Any CPU
		{86210F42-7641-4B8C-9E9D-F2C087B5F813}.Debug|Any CPU.Build.0 = Debug|Any CPU
		{86210F42-7641-4B8C-9E9D-F2C087B5F813}.Release|Any CPU.ActiveCfg = Release|Any CPU
		{86210F42-7641-4B8C-9E9D-F2C087B5F813}.Release|Any CPU.Build.0 = Release|Any CPU
	EndGlobalSection
	GlobalSection(SolutionProperties) = preSolution
		HideSolutionNode = FALSE
	EndGlobalSection
	GlobalSection(ExtensibilityGlobals) = postSolution
		SolutionGuid = {B8FA77BA-67EB-41E5-AD75-23C16CC2BB90}
	EndGlobalSection
EndGlobal
